
Microsoft Visual Studio Solution File, Format Version 11.00
# Visual C# Express 2010
Project("{FAE04EC0-301F-11D3-BF4B-00C04F79EFBC}") = "csharp-multi-threaded-client-socket", "csharp-multi-threaded-client-socket\csharp-multi-threaded-client-socket.csproj", "{78C85C65-0B63-4ED7-A34E-F37D8DEE4643}"
EndProject
Global
	GlobalSection(SolutionConfigurationPlatforms) = preSolution
		Debug|x86 = Debug|x86
		Release|x86 = Release|x86
	EndGlobalSection
	GlobalSection(ProjectConfigurationPlatforms) = postSolution
		{78C85C65-0B63-4ED7-A34E-F37D8DEE4643}.Debug|x86.ActiveCfg = Debug|x86
		{78C85C65-0B63-4ED7-A34E-F37D8DEE4643}.Debug|x86.Build.0 = Debug|x86
		{78C85C65-0B63-4ED7-A34E-F37D8DEE4643}.Release|x86.ActiveCfg = Release|x86
		{78C85C65-0B63-4ED7-A34E-F37D8DEE4643}.Release|x86.Build.0 = Release|x86
	EndGlobalSection
	GlobalSection(SolutionProperties) = preSolution
		HideSolutionNode = FALSE
	EndGlobalSection
EndGlobal
